{
  "name": "simple-web-server",
  "version": "1.0.0",
  "lockfileVersion": 2,
  "requires": true,
  "packages": {
    "": {
      "name": "simple-web-server",
      "version": "1.0.0",
      "license": "GPL-3.0-or-later",
      "dependencies": {
        "mime-db": "^1.52.0",
        "mime-lookup": "^0.0.2"
      }
    },
    "node_modules/mime-db": {
      "version": "1.52.0",
      "resolved": "https://registry.npmjs.org/mime-db/-/mime-db-1.52.0.tgz",
      "integrity": "sha512-sPU4uV7dYlvtWJxwwxHD0PuihVNiE7TyAbQ5SWxDCB9mUYvOgroQOwYQQOKPJ8CIbE+1ETVlOoK1UC2nU3gYvg==",
      "engines": {
        "node": ">= 0.6"
      }
    },
    "node_modules/mime-lookup": {
      "version": "0.0.2",
      "resolved": "https://registry.npmjs.org/mime-lookup/-/mime-lookup-0.0.2.tgz",
      "integrity": "sha512-6384dzMc9tsk9wBt/W9jG1hWEUPk7oPwj0ExsJCAI9peB11GbWniOWg0O/Uf8vZbvK8bkPKPtaVDtZI0FWlwbg=="
    }
  },
  "dependencies": {
    "mime-db": {
      "version": "1.52.0",
      "resolved": "https://registry.npmjs.org/mime-db/-/mime-db-1.52.0.tgz",
      "integrity": "sha512-sPU4uV7dYlvtWJxwwxHD0PuihVNiE7TyAbQ5SWxDCB9mUYvOgroQOwYQQOKPJ8CIbE+1ETVlOoK1UC2nU3gYvg=="
    },
    "mime-lookup": {
      "version": "0.0.2",
      "resolved": "https://registry.npmjs.org/mime-lookup/-/mime-lookup-0.0.2.tgz",
      "integrity": "sha512-6384dzMc9tsk9wBt/W9jG1hWEUPk7oPwj0ExsJCAI9peB11GbWniOWg0O/Uf8vZbvK8bkPKPtaVDtZI0FWlwbg=="
    }
  }
}
